
Microsoft Visual Studio Solution File, Format Version 12.00
# Visual Studio Version 17
VisualStudioVersion = 17.8.34525.116
MinimumVisualStudioVersion = 10.0.40219.1
Project("{2150E333-8FDC-42A3-9474-1A3956D46DE8}") = "src", "src", "{366E0A09-AB05-4B0E-B22A-C4429180756C}"
EndProject
Project("{2150E333-8FDC-42A3-9474-1A3956D46DE8}") = "tests", "tests", "{D8AF222F-5054-4F1A-9F62-4F0C2AB2F46F}"
EndProject
Project("{9A19103F-16F7-4668-BE54-9A1E7A4F7556}") = "FC.Codefllix.Catalog.UnitTests", "tests\FC.Codefllix.Catalog.UnitTests\FC.Codefllix.Catalog.UnitTests.csproj", "{F9A4407D-E5A0-486E-8B9A-BA299E4E077E}"
EndProject
Project("{9A19103F-16F7-4668-BE54-9A1E7A4F7556}") = "FC.Codeflix.Catalog.Domain", "src\FC.Codeflix.Catalog.Domain\FC.Codeflix.Catalog.Domain.csproj", "{5B8C59FF-7465-4763-AB1C-7BF72AF17A22}"
EndProject
Global
	GlobalSection(SolutionConfigurationPlatforms) = preSolution
		Debug|Any CPU = Debug|Any CPU
		Release|Any CPU = Release|Any CPU
	EndGlobalSection
	GlobalSection(ProjectConfigurationPlatforms) = postSolution
		{F9A4407D-E5A0-486E-8B9A-BA299E4E077E}.Debug|Any CPU.ActiveCfg = Debug|Any CPU
		{F9A4407D-E5A0-486E-8B9A-BA299E4E077E}.Debug|Any CPU.Build.0 = Debug|Any CPU
		{F9A4407D-E5A0-486E-8B9A-BA299E4E077E}.Release|Any CPU.ActiveCfg = Release|Any CPU
		{F9A4407D-E5A0-486E-8B9A-BA299E4E077E}.Release|Any CPU.Build.0 = Release|Any CPU
		{5B8C59FF-7465-4763-AB1C-7BF72AF17A22}.Debug|Any CPU.ActiveCfg = Debug|Any CPU
		{5B8C59FF-7465-4763-AB1C-7BF72AF17A22}.Debug|Any CPU.Build.0 = Debug|Any CPU
		{5B8C59FF-7465-4763-AB1C-7BF72AF17A22}.Release|Any CPU.ActiveCfg = Release|Any CPU
		{5B8C59FF-7465-4763-AB1C-7BF72AF17A22}.Release|Any CPU.Build.0 = Release|Any CPU
	EndGlobalSection
	GlobalSection(SolutionProperties) = preSolution
		HideSolutionNode = FALSE
	EndGlobalSection
	GlobalSection(NestedProjects) = preSolution
		{F9A4407D-E5A0-486E-8B9A-BA299E4E077E} = {D8AF222F-5054-4F1A-9F62-4F0C2AB2F46F}
		{5B8C59FF-7465-4763-AB1C-7BF72AF17A22} = {366E0A09-AB05-4B0E-B22A-C4429180756C}
	EndGlobalSection
	GlobalSection(ExtensibilityGlobals) = postSolution
		SolutionGuid = {420B1C36-E10B-4451-87AE-673271F965CC}
	EndGlobalSection
EndGlobal
